// !$*UTF8*$!
{
	archiveVersion = 1;
	classes = {
	};
	objectVersion = 55;
	objects = {

/* Begin PBXBuildFile section */
		370A4A8F2738312D00C003F9 /* main.swift in Sources */ = {isa = PBXBuildFile; fileRef = 370A4A8E2738312D00C003F9 /* main.swift */; };
		370A4A96273831BA00C003F9 /* AoCUtil.swift in Sources */ = {isa = PBXBuildFile; fileRef = 370A4A95273831BA00C003F9 /* AoCUtil.swift */; };
		37172192275CF36A006DCCE4 /* Day05_Hydrothermal.swift in Sources */ = {isa = PBXBuildFile; fileRef = 37172191275CF36A006DCCE4 /* Day05_Hydrothermal.swift */; };
		37172195275CF427006DCCE4 /* 05.test.txt in CopyFiles */ = {isa = PBXBuildFile; fileRef = 37172193275CF3DB006DCCE4 /* 05.test.txt */; };
		37172196275CF427006DCCE4 /* 05.challenge.txt in CopyFiles */ = {isa = PBXBuildFile; fileRef = 37172194275CF400006DCCE4 /* 05.challenge.txt */; };
		373072992766327C00DECDF7 /* Day12_PassagePathing.swift in Sources */ = {isa = PBXBuildFile; fileRef = 373072982766327C00DECDF7 /* Day12_PassagePathing.swift */; };
		3730729A2766329B00DECDF7 /* 12.test1.txt in CopyFiles */ = {isa = PBXBuildFile; fileRef = 37307294276631D800DECDF7 /* 12.test1.txt */; };
		3730729B2766329B00DECDF7 /* 12.test2.txt in CopyFiles */ = {isa = PBXBuildFile; fileRef = 373072962766320B00DECDF7 /* 12.test2.txt */; };
		3730729C2766329B00DECDF7 /* 12.test3.txt in CopyFiles */ = {isa = PBXBuildFile; fileRef = 373072972766320E00DECDF7 /* 12.test3.txt */; };
		3730729D2766329B00DECDF7 /* 12.challenge.txt in CopyFiles */ = {isa = PBXBuildFile; fileRef = 37307295276631EC00DECDF7 /* 12.challenge.txt */; };
		3732F1802768698300CCE8D4 /* Day14_Polymerization.swift in Sources */ = {isa = PBXBuildFile; fileRef = 3732F17F2768698300CCE8D4 /* Day14_Polymerization.swift */; };
		3735B80A2764E331006F4AD1 /* Day11_DumboOctopus.swift in Sources */ = {isa = PBXBuildFile; fileRef = 3735B8092764E331006F4AD1 /* Day11_DumboOctopus.swift */; };
		3735B80D2764E71A006F4AD1 /* 11.test.txt in CopyFiles */ = {isa = PBXBuildFile; fileRef = 3735B80B2764E353006F4AD1 /* 11.test.txt */; };
		3735B80E2764E71A006F4AD1 /* 11.challenge.txt in CopyFiles */ = {isa = PBXBuildFile; fileRef = 3735B80C2764E369006F4AD1 /* 11.challenge.txt */; };
		3739F9AA2762438900114F89 /* Day09_SmokeBasin.swift in Sources */ = {isa = PBXBuildFile; fileRef = 3739F9A92762438900114F89 /* Day09_SmokeBasin.swift */; };
		3739F9AD276243F200114F89 /* 09.test.txt in CopyFiles */ = {isa = PBXBuildFile; fileRef = 3739F9AB276243AC00114F89 /* 09.test.txt */; };
		3739F9AE276243F200114F89 /* 09.challenge.txt in CopyFiles */ = {isa = PBXBuildFile; fileRef = 3739F9AC276243BF00114F89 /* 09.challenge.txt */; };
		374C4C3E274E9CF200B41733 /* Algorithms in Frameworks */ = {isa = PBXBuildFile; productRef = 374C4C3D274E9CF200B41733 /* Algorithms */; };
		375888E3275FB74500047DEA /* Day07_TreacheryOfWhales.swift in Sources */ = {isa = PBXBuildFile; fileRef = 375888E2275FB74500047DEA /* Day07_TreacheryOfWhales.swift */; };
		375888E6275FB76C00047DEA /* 07.test.txt in CopyFiles */ = {isa = PBXBuildFile; fileRef = 375888E4275FB75400047DEA /* 07.test.txt */; };
		375888E7275FB76C00047DEA /* 07.challenge.txt in CopyFiles */ = {isa = PBXBuildFile; fileRef = 375888E5275FB76100047DEA /* 07.challenge.txt */; };
		375CCBB62759190D00AF40A1 /* Day02_Dive.swift in Sources */ = {isa = PBXBuildFile; fileRef = 375CCBB52759190D00AF40A1 /* Day02_Dive.swift */; };
		375CCBB927591EAD00AF40A1 /* 02.test.txt in CopyFiles */ = {isa = PBXBuildFile; fileRef = 375CCBB72759197E00AF40A1 /* 02.test.txt */; };
		375CCBBA27591EAD00AF40A1 /* 02.challenge.txt in CopyFiles */ = {isa = PBXBuildFile; fileRef = 375CCBB82759198100AF40A1 /* 02.challenge.txt */; };
		37778B5827678E2C0011DBB1 /* Day12_Origami.swift in Sources */ = {isa = PBXBuildFile; fileRef = 37778B5727678E2C0011DBB1 /* Day12_Origami.swift */; };
		37778B5B27678EA70011DBB1 /* 13.test.txt in CopyFiles */ = {isa = PBXBuildFile; fileRef = 37778B5927678E5D0011DBB1 /* 13.test.txt */; };
		37778B5C27678EA70011DBB1 /* 13.challenge.txt in CopyFiles */ = {isa = PBXBuildFile; fileRef = 37778B5A27678E6E0011DBB1 /* 13.challenge.txt */; };
		3794F227275A776F009C029B /* Day03_BinaryDiagnostic.swift in Sources */ = {isa = PBXBuildFile; fileRef = 3794F226275A776F009C029B /* Day03_BinaryDiagnostic.swift */; };
		3794F22C275A7E68009C029B /* 03.test.txt in CopyFiles */ = {isa = PBXBuildFile; fileRef = 3794F22A275A7882009C029B /* 03.test.txt */; };
		3794F22D275A7E68009C029B /* 03.challenge.txt in CopyFiles */ = {isa = PBXBuildFile; fileRef = 3794F22B275A7891009C029B /* 03.challenge.txt */; };
		379FF261275E532F00C279A1 /* Day06_LanternFish.swift in Sources */ = {isa = PBXBuildFile; fileRef = 379FF260275E532F00C279A1 /* Day06_LanternFish.swift */; };
		379FF264275E539700C279A1 /* 06.test.txt in CopyFiles */ = {isa = PBXBuildFile; fileRef = 379FF262275E535C00C279A1 /* 06.test.txt */; };
		379FF265275E539700C279A1 /* 06.challenge.txt in CopyFiles */ = {isa = PBXBuildFile; fileRef = 379FF263275E536B00C279A1 /* 06.challenge.txt */; };
		37AA2AC02763A05A0076F6F5 /* Day10_SyntaxScoring.swift in Sources */ = {isa = PBXBuildFile; fileRef = 37AA2ABF2763A05A0076F6F5 /* Day10_SyntaxScoring.swift */; };
		37AA2AC32763A09D0076F6F5 /* 10.test.txt in CopyFiles */ = {isa = PBXBuildFile; fileRef = 37AA2AC12763A0840076F6F5 /* 10.test.txt */; };
		37AA2AC42763A09D0076F6F5 /* 10.challenge.txt in CopyFiles */ = {isa = PBXBuildFile; fileRef = 37AA2AC22763A0930076F6F5 /* 10.challenge.txt */; };
		37C741BC27573B6400187596 /* Day01_Sonar_Sweep.swift in Sources */ = {isa = PBXBuildFile; fileRef = 37C741BB27573B6400187596 /* Day01_Sonar_Sweep.swift */; };
		37C741BD27573D9700187596 /* 01.challenge.txt in CopyFiles */ = {isa = PBXBuildFile; fileRef = 37C741BA27573B1600187596 /* 01.challenge.txt */; };
		37D515D62760F13C00FE040C /* Day08_SevenSegment.swift in Sources */ = {isa = PBXBuildFile; fileRef = 37D515D52760F13C00FE040C /* Day08_SevenSegment.swift */; };
		37D515D72760F22C00FE040C /* 08.test.txt in CopyFiles */ = {isa = PBXBuildFile; fileRef = 37D515D32760F11800FE040C /* 08.test.txt */; };
		37D515D82760F22C00FE040C /* 08.challenge.txt in CopyFiles */ = {isa = PBXBuildFile; fileRef = 37D515D42760F12500FE040C /* 08.challenge.txt */; };
		37D7D8D82768DC11008E708E /* 14.test.txt in CopyFiles */ = {isa = PBXBuildFile; fileRef = 3732F181276869AA00CCE8D4 /* 14.test.txt */; };
		37D7D8D92768DC11008E708E /* 14.challenge.txt in CopyFiles */ = {isa = PBXBuildFile; fileRef = 3732F182276869B800CCE8D4 /* 14.challenge.txt */; };
		37DDEE642757D6DC0019BA66 /* 01.test.txt in CopyFiles */ = {isa = PBXBuildFile; fileRef = 37DDEE632757D63D0019BA66 /* 01.test.txt */; };
		37F399EB273B347E00DB97A4 /* 00.input.txt in CopyFiles */ = {isa = PBXBuildFile; fileRef = 37F399EA273B338100DB97A4 /* 00.input.txt */; };
		37F488E927613F9F00B39D86 /* 08.single.txt in CopyFiles */ = {isa = PBXBuildFile; fileRef = 37F488E827613F9000B39D86 /* 08.single.txt */; };
		37FC44F3275BB73B009AB2E1 /* Day04_GiantSquid.swift in Sources */ = {isa = PBXBuildFile; fileRef = 37FC44F2275BB73B009AB2E1 /* Day04_GiantSquid.swift */; };
		37FC44F6275BB863009AB2E1 /* 04.test.txt in CopyFiles */ = {isa = PBXBuildFile; fileRef = 37FC44F4275BB815009AB2E1 /* 04.test.txt */; };
		37FC44F7275BB863009AB2E1 /* 04.challenge.txt in CopyFiles */ = {isa = PBXBuildFile; fileRef = 37FC44F5275BB82B009AB2E1 /* 04.challenge.txt */; };
/* End PBXBuildFile section */

/* Begin PBXCopyFilesBuildPhase section */
		370A4A892738312D00C003F9 /* CopyFiles */ = {
			isa = PBXCopyFilesBuildPhase;
			buildActionMask = 12;
			dstPath = "";
			dstSubfolderSpec = 16;
			files = (
				37D7D8D82768DC11008E708E /* 14.test.txt in CopyFiles */,
				37D7D8D92768DC11008E708E /* 14.challenge.txt in CopyFiles */,
				37778B5B27678EA70011DBB1 /* 13.test.txt in CopyFiles */,
				37778B5C27678EA70011DBB1 /* 13.challenge.txt in CopyFiles */,
				3730729A2766329B00DECDF7 /* 12.test1.txt in CopyFiles */,
				3730729B2766329B00DECDF7 /* 12.test2.txt in CopyFiles */,
				3730729C2766329B00DECDF7 /* 12.test3.txt in CopyFiles */,
				3730729D2766329B00DECDF7 /* 12.challenge.txt in CopyFiles */,
				3735B80D2764E71A006F4AD1 /* 11.test.txt in CopyFiles */,
				3735B80E2764E71A006F4AD1 /* 11.challenge.txt in CopyFiles */,
				37AA2AC32763A09D0076F6F5 /* 10.test.txt in CopyFiles */,
				37AA2AC42763A09D0076F6F5 /* 10.challenge.txt in CopyFiles */,
				3739F9AD276243F200114F89 /* 09.test.txt in CopyFiles */,
				3739F9AE276243F200114F89 /* 09.challenge.txt in CopyFiles */,
				37F488E927613F9F00B39D86 /* 08.single.txt in CopyFiles */,
				37D515D72760F22C00FE040C /* 08.test.txt in CopyFiles */,
				37D515D82760F22C00FE040C /* 08.challenge.txt in CopyFiles */,
				375888E6275FB76C00047DEA /* 07.test.txt in CopyFiles */,
				375888E7275FB76C00047DEA /* 07.challenge.txt in CopyFiles */,
				379FF264275E539700C279A1 /* 06.test.txt in CopyFiles */,
				379FF265275E539700C279A1 /* 06.challenge.txt in CopyFiles */,
				37172195275CF427006DCCE4 /* 05.test.txt in CopyFiles */,
				37172196275CF427006DCCE4 /* 05.challenge.txt in CopyFiles */,
				37FC44F6275BB863009AB2E1 /* 04.test.txt in CopyFiles */,
				37FC44F7275BB863009AB2E1 /* 04.challenge.txt in CopyFiles */,
				3794F22C275A7E68009C029B /* 03.test.txt in CopyFiles */,
				3794F22D275A7E68009C029B /* 03.challenge.txt in CopyFiles */,
				375CCBB927591EAD00AF40A1 /* 02.test.txt in CopyFiles */,
				375CCBBA27591EAD00AF40A1 /* 02.challenge.txt in CopyFiles */,
				37DDEE642757D6DC0019BA66 /* 01.test.txt in CopyFiles */,
				37C741BD27573D9700187596 /* 01.challenge.txt in CopyFiles */,
				37F399EB273B347E00DB97A4 /* 00.input.txt in CopyFiles */,
			);
			runOnlyForDeploymentPostprocessing = 0;
		};
/* End PBXCopyFilesBuildPhase section */

/* Begin PBXFileReference section */
		370A4A8B2738312D00C003F9 /* AdventOfCode2021 */ = {isa = PBXFileReference; explicitFileType = "compiled.mach-o.executable"; includeInIndex = 0; path = AdventOfCode2021; sourceTree = BUILT_PRODUCTS_DIR; };
		370A4A8E2738312D00C003F9 /* main.swift */ = {isa = PBXFileReference; lastKnownFileType = sourcecode.swift; path = main.swift; sourceTree = "<group>"; };
		370A4A95273831BA00C003F9 /* AoCUtil.swift */ = {isa = PBXFileReference; lastKnownFileType = sourcecode.swift; path = AoCUtil.swift; sourceTree = "<group>"; };
		37172191275CF36A006DCCE4 /* Day05_Hydrothermal.swift */ = {isa = PBXFileReference; lastKnownFileType = sourcecode.swift; path = Day05_Hydrothermal.swift; sourceTree = "<group>"; };
		37172193275CF3DB006DCCE4 /* 05.test.txt */ = {isa = PBXFileReference; lastKnownFileType = text; path = 05.test.txt; sourceTree = "<group>"; };
		37172194275CF400006DCCE4 /* 05.challenge.txt */ = {isa = PBXFileReference; lastKnownFileType = text; path = 05.challenge.txt; sourceTree = "<group>"; };
		37307294276631D800DECDF7 /* 12.test1.txt */ = {isa = PBXFileReference; lastKnownFileType = text; path = 12.test1.txt; sourceTree = "<group>"; };
		37307295276631EC00DECDF7 /* 12.challenge.txt */ = {isa = PBXFileReference; lastKnownFileType = text; path = 12.challenge.txt; sourceTree = "<group>"; };
		373072962766320B00DECDF7 /* 12.test2.txt */ = {isa = PBXFileReference; lastKnownFileType = text; path = 12.test2.txt; sourceTree = "<group>"; };
		373072972766320E00DECDF7 /* 12.test3.txt */ = {isa = PBXFileReference; lastKnownFileType = text; path = 12.test3.txt; sourceTree = "<group>"; };
		373072982766327C00DECDF7 /* Day12_PassagePathing.swift */ = {isa = PBXFileReference; lastKnownFileType = sourcecode.swift; path = Day12_PassagePathing.swift; sourceTree = "<group>"; };
		3732F17F2768698300CCE8D4 /* Day14_Polymerization.swift */ = {isa = PBXFileReference; lastKnownFileType = sourcecode.swift; path = Day14_Polymerization.swift; sourceTree = "<group>"; };
		3732F181276869AA00CCE8D4 /* 14.test.txt */ = {isa = PBXFileReference; lastKnownFileType = text; path = 14.test.txt; sourceTree = "<group>"; };
		3732F182276869B800CCE8D4 /* 14.challenge.txt */ = {isa = PBXFileReference; lastKnownFileType = text; path = 14.challenge.txt; sourceTree = "<group>"; };
		3735B8092764E331006F4AD1 /* Day11_DumboOctopus.swift */ = {isa = PBXFileReference; lastKnownFileType = sourcecode.swift; path = Day11_DumboOctopus.swift; sourceTree = "<group>"; };
		3735B80B2764E353006F4AD1 /* 11.test.txt */ = {isa = PBXFileReference; lastKnownFileType = text; path = 11.test.txt; sourceTree = "<group>"; };
		3735B80C2764E369006F4AD1 /* 11.challenge.txt */ = {isa = PBXFileReference; lastKnownFileType = text; path = 11.challenge.txt; sourceTree = "<group>"; };
		3739F9A92762438900114F89 /* Day09_SmokeBasin.swift */ = {isa = PBXFileReference; lastKnownFileType = sourcecode.swift; path = Day09_SmokeBasin.swift; sourceTree = "<group>"; };
		3739F9AB276243AC00114F89 /* 09.test.txt */ = {isa = PBXFileReference; lastKnownFileType = text; path = 09.test.txt; sourceTree = "<group>"; };
		3739F9AC276243BF00114F89 /* 09.challenge.txt */ = {isa = PBXFileReference; lastKnownFileType = text; path = 09.challenge.txt; sourceTree = "<group>"; };
		375888E2275FB74500047DEA /* Day07_TreacheryOfWhales.swift */ = {isa = PBXFileReference; lastKnownFileType = sourcecode.swift; path = Day07_TreacheryOfWhales.swift; sourceTree = "<group>"; };
		375888E4275FB75400047DEA /* 07.test.txt */ = {isa = PBXFileReference; lastKnownFileType = text; path = 07.test.txt; sourceTree = "<group>"; };
		375888E5275FB76100047DEA /* 07.challenge.txt */ = {isa = PBXFileReference; lastKnownFileType = text; path = 07.challenge.txt; sourceTree = "<group>"; };
		375CCBB52759190D00AF40A1 /* Day02_Dive.swift */ = {isa = PBXFileReference; lastKnownFileType = sourcecode.swift; path = Day02_Dive.swift; sourceTree = "<group>"; };
		375CCBB72759197E00AF40A1 /* 02.test.txt */ = {isa = PBXFileReference; lastKnownFileType = text; path = 02.test.txt; sourceTree = "<group>"; };
		375CCBB82759198100AF40A1 /* 02.challenge.txt */ = {isa = PBXFileReference; lastKnownFileType = text; path = 02.challenge.txt; sourceTree = "<group>"; };
		37778B5727678E2C0011DBB1 /* Day12_Origami.swift */ = {isa = PBXFileReference; lastKnownFileType = sourcecode.swift; path = Day12_Origami.swift; sourceTree = "<group>"; };
		37778B5927678E5D0011DBB1 /* 13.test.txt */ = {isa = PBXFileReference; lastKnownFileType = text; path = 13.test.txt; sourceTree = "<group>"; };
		37778B5A27678E6E0011DBB1 /* 13.challenge.txt */ = {isa = PBXFileReference; lastKnownFileType = text; path = 13.challenge.txt; sourceTree = "<group>"; };
		3794F226275A776F009C029B /* Day03_BinaryDiagnostic.swift */ = {isa = PBXFileReference; lastKnownFileType = sourcecode.swift; path = Day03_BinaryDiagnostic.swift; sourceTree = "<group>"; };
		3794F22A275A7882009C029B /* 03.test.txt */ = {isa = PBXFileReference; lastKnownFileType = text; path = 03.test.txt; sourceTree = "<group>"; };
		3794F22B275A7891009C029B /* 03.challenge.txt */ = {isa = PBXFileReference; lastKnownFileType = text; path = 03.challenge.txt; sourceTree = "<group>"; };
		379FF260275E532F00C279A1 /* Day06_LanternFish.swift */ = {isa = PBXFileReference; lastKnownFileType = sourcecode.swift; path = Day06_LanternFish.swift; sourceTree = "<group>"; };
		379FF262275E535C00C279A1 /* 06.test.txt */ = {isa = PBXFileReference; lastKnownFileType = text; path = 06.test.txt; sourceTree = "<group>"; };
		379FF263275E536B00C279A1 /* 06.challenge.txt */ = {isa = PBXFileReference; lastKnownFileType = text; path = 06.challenge.txt; sourceTree = "<group>"; };
		37AA2ABF2763A05A0076F6F5 /* Day10_SyntaxScoring.swift */ = {isa = PBXFileReference; lastKnownFileType = sourcecode.swift; path = Day10_SyntaxScoring.swift; sourceTree = "<group>"; };
		37AA2AC12763A0840076F6F5 /* 10.test.txt */ = {isa = PBXFileReference; lastKnownFileType = text; path = 10.test.txt; sourceTree = "<group>"; };
		37AA2AC22763A0930076F6F5 /* 10.challenge.txt */ = {isa = PBXFileReference; lastKnownFileType = text; path = 10.challenge.txt; sourceTree = "<group>"; };
		37C741BA27573B1600187596 /* 01.challenge.txt */ = {isa = PBXFileReference; lastKnownFileType = text; path = 01.challenge.txt; sourceTree = "<group>"; };
		37C741BB27573B6400187596 /* Day01_Sonar_Sweep.swift */ = {isa = PBXFileReference; lastKnownFileType = sourcecode.swift; path = Day01_Sonar_Sweep.swift; sourceTree = "<group>"; };
		37D515D32760F11800FE040C /* 08.test.txt */ = {isa = PBXFileReference; lastKnownFileType = text; path = 08.test.txt; sourceTree = "<group>"; };
		37D515D42760F12500FE040C /* 08.challenge.txt */ = {isa = PBXFileReference; lastKnownFileType = text; path = 08.challenge.txt; sourceTree = "<group>"; };
		37D515D52760F13C00FE040C /* Day08_SevenSegment.swift */ = {isa = PBXFileReference; lastKnownFileType = sourcecode.swift; path = Day08_SevenSegment.swift; sourceTree = "<group>"; };
		37DDEE632757D63D0019BA66 /* 01.test.txt */ = {isa = PBXFileReference; lastKnownFileType = text; path = 01.test.txt; sourceTree = "<group>"; };
		37F399EA273B338100DB97A4 /* 00.input.txt */ = {isa = PBXFileReference; lastKnownFileType = text; path = 00.input.txt; sourceTree = "<group>"; };
		37F488E827613F9000B39D86 /* 08.single.txt */ = {isa = PBXFileReference; lastKnownFileType = text; path = 08.single.txt; sourceTree = "<group>"; };
		37FC44F2275BB73B009AB2E1 /* Day04_GiantSquid.swift */ = {isa = PBXFileReference; lastKnownFileType = sourcecode.swift; path = Day04_GiantSquid.swift; sourceTree = "<group>"; };
		37FC44F4275BB815009AB2E1 /* 04.test.txt */ = {isa = PBXFileReference; lastKnownFileType = text; path = 04.test.txt; sourceTree = "<group>"; };
		37FC44F5275BB82B009AB2E1 /* 04.challenge.txt */ = {isa = PBXFileReference; lastKnownFileType = text; path = 04.challenge.txt; sourceTree = "<group>"; };
/* End PBXFileReference section */

/* Begin PBXFrameworksBuildPhase section */
		370A4A882738312D00C003F9 /* Frameworks */ = {
			isa = PBXFrameworksBuildPhase;
			buildActionMask = 2147483647;
			files = (
				374C4C3E274E9CF200B41733 /* Algorithms in Frameworks */,
			);
			runOnlyForDeploymentPostprocessing = 0;
		};
/* End PBXFrameworksBuildPhase section */

/* Begin PBXGroup section */
		370A4A822738312D00C003F9 = {
			isa = PBXGroup;
			children = (
				370A4A8D2738312D00C003F9 /* AdventOfCode2021 */,
				370A4A8C2738312D00C003F9 /* Products */,
			);
			sourceTree = "<group>";
		};
		370A4A8C2738312D00C003F9 /* Products */ = {
			isa = PBXGroup;
			children = (
				370A4A8B2738312D00C003F9 /* AdventOfCode2021 */,
			);
			name = Products;
			sourceTree = "<group>";
		};
		370A4A8D2738312D00C003F9 /* AdventOfCode2021 */ = {
			isa = PBXGroup;
			children = (
				370A4A8E2738312D00C003F9 /* main.swift */,
				37F399EC273B356200DB97A4 /* Solutions */,
				37F399E9273B333C00DB97A4 /* Input Files */,
				370A4A95273831BA00C003F9 /* AoCUtil.swift */,
			);
			path = AdventOfCode2021;
			sourceTree = "<group>";
		};
		37F399E9273B333C00DB97A4 /* Input Files */ = {
			isa = PBXGroup;
			children = (
				37F399EA273B338100DB97A4 /* 00.input.txt */,
				37DDEE632757D63D0019BA66 /* 01.test.txt */,
				37C741BA27573B1600187596 /* 01.challenge.txt */,
				375CCBB72759197E00AF40A1 /* 02.test.txt */,
				375CCBB82759198100AF40A1 /* 02.challenge.txt */,
				3794F22A275A7882009C029B /* 03.test.txt */,
				3794F22B275A7891009C029B /* 03.challenge.txt */,
				37FC44F4275BB815009AB2E1 /* 04.test.txt */,
				37FC44F5275BB82B009AB2E1 /* 04.challenge.txt */,
				37172193275CF3DB006DCCE4 /* 05.test.txt */,
				37172194275CF400006DCCE4 /* 05.challenge.txt */,
				379FF262275E535C00C279A1 /* 06.test.txt */,
				379FF263275E536B00C279A1 /* 06.challenge.txt */,
				375888E4275FB75400047DEA /* 07.test.txt */,
				375888E5275FB76100047DEA /* 07.challenge.txt */,
				37D515D32760F11800FE040C /* 08.test.txt */,
				37D515D42760F12500FE040C /* 08.challenge.txt */,
				37F488E827613F9000B39D86 /* 08.single.txt */,
				3739F9AB276243AC00114F89 /* 09.test.txt */,
				3739F9AC276243BF00114F89 /* 09.challenge.txt */,
				37AA2AC12763A0840076F6F5 /* 10.test.txt */,
				37AA2AC22763A0930076F6F5 /* 10.challenge.txt */,
				3735B80B2764E353006F4AD1 /* 11.test.txt */,
				3735B80C2764E369006F4AD1 /* 11.challenge.txt */,
				37307294276631D800DECDF7 /* 12.test1.txt */,
				373072962766320B00DECDF7 /* 12.test2.txt */,
				373072972766320E00DECDF7 /* 12.test3.txt */,
				37307295276631EC00DECDF7 /* 12.challenge.txt */,
				37778B5927678E5D0011DBB1 /* 13.test.txt */,
				37778B5A27678E6E0011DBB1 /* 13.challenge.txt */,
				3732F181276869AA00CCE8D4 /* 14.test.txt */,
				3732F182276869B800CCE8D4 /* 14.challenge.txt */,
			);
			path = "Input Files";
			sourceTree = "<group>";
		};
		37F399EC273B356200DB97A4 /* Solutions */ = {
			isa = PBXGroup;
			children = (
				37C741BB27573B6400187596 /* Day01_Sonar_Sweep.swift */,
				375CCBB52759190D00AF40A1 /* Day02_Dive.swift */,
				3794F226275A776F009C029B /* Day03_BinaryDiagnostic.swift */,
				37FC44F2275BB73B009AB2E1 /* Day04_GiantSquid.swift */,
				37172191275CF36A006DCCE4 /* Day05_Hydrothermal.swift */,
				379FF260275E532F00C279A1 /* Day06_LanternFish.swift */,
				375888E2275FB74500047DEA /* Day07_TreacheryOfWhales.swift */,
				37D515D52760F13C00FE040C /* Day08_SevenSegment.swift */,
				3739F9A92762438900114F89 /* Day09_SmokeBasin.swift */,
				37AA2ABF2763A05A0076F6F5 /* Day10_SyntaxScoring.swift */,
				3735B8092764E331006F4AD1 /* Day11_DumboOctopus.swift */,
				373072982766327C00DECDF7 /* Day12_PassagePathing.swift */,
				37778B5727678E2C0011DBB1 /* Day12_Origami.swift */,
				3732F17F2768698300CCE8D4 /* Day14_Polymerization.swift */,
			);
			path = Solutions;
			sourceTree = "<group>";
		};
/* End PBXGroup section */

/* Begin PBXNativeTarget section */
		370A4A8A2738312D00C003F9 /* AdventOfCode2021 */ = {
			isa = PBXNativeTarget;
			buildConfigurationList = 370A4A922738312D00C003F9 /* Build configuration list for PBXNativeTarget "AdventOfCode2021" */;
			buildPhases = (
				370A4A872738312D00C003F9 /* Sources */,
				370A4A882738312D00C003F9 /* Frameworks */,
				370A4A892738312D00C003F9 /* CopyFiles */,
			);
			buildRules = (
			);
			dependencies = (
			);
			name = AdventOfCode2021;
			packageProductDependencies = (
				374C4C3D274E9CF200B41733 /* Algorithms */,
			);
			productName = AdventOfCode2021;
			productReference = 370A4A8B2738312D00C003F9 /* AdventOfCode2021 */;
			productType = "com.apple.product-type.tool";
		};
/* End PBXNativeTarget section */

/* Begin PBXProject section */
		370A4A832738312D00C003F9 /* Project object */ = {
			isa = PBXProject;
			attributes = {
				BuildIndependentTargetsInParallel = 1;
				LastSwiftUpdateCheck = 1310;
				LastUpgradeCheck = 1310;
				TargetAttributes = {
					370A4A8A2738312D00C003F9 = {
						CreatedOnToolsVersion = 13.1;
					};
				};
			};
			buildConfigurationList = 370A4A862738312D00C003F9 /* Build configuration list for PBXProject "AdventOfCode2021" */;
			compatibilityVersion = "Xcode 13.0";
			developmentRegion = en;
			hasScannedForEncodings = 0;
			knownRegions = (
				en,
				Base,
			);
			mainGroup = 370A4A822738312D00C003F9;
			packageReferences = (
				374C4C3C274E9CF200B41733 /* XCRemoteSwiftPackageReference "swift-algorithms" */,
			);
			productRefGroup = 370A4A8C2738312D00C003F9 /* Products */;
			projectDirPath = "";
			projectRoot = "";
			targets = (
				370A4A8A2738312D00C003F9 /* AdventOfCode2021 */,
			);
		};
/* End PBXProject section */

/* Begin PBXSourcesBuildPhase section */
		370A4A872738312D00C003F9 /* Sources */ = {
			isa = PBXSourcesBuildPhase;
			buildActionMask = 2147483647;
			files = (
				37D515D62760F13C00FE040C /* Day08_SevenSegment.swift in Sources */,
				37778B5827678E2C0011DBB1 /* Day12_Origami.swift in Sources */,
				370A4A8F2738312D00C003F9 /* main.swift in Sources */,
				375888E3275FB74500047DEA /* Day07_TreacheryOfWhales.swift in Sources */,
				37C741BC27573B6400187596 /* Day01_Sonar_Sweep.swift in Sources */,
				37172192275CF36A006DCCE4 /* Day05_Hydrothermal.swift in Sources */,
				3739F9AA2762438900114F89 /* Day09_SmokeBasin.swift in Sources */,
				379FF261275E532F00C279A1 /* Day06_LanternFish.swift in Sources */,
				375CCBB62759190D00AF40A1 /* Day02_Dive.swift in Sources */,
				3735B80A2764E331006F4AD1 /* Day11_DumboOctopus.swift in Sources */,
				3794F227275A776F009C029B /* Day03_BinaryDiagnostic.swift in Sources */,
				370A4A96273831BA00C003F9 /* AoCUtil.swift in Sources */,
				37AA2AC02763A05A0076F6F5 /* Day10_SyntaxScoring.swift in Sources */,
				3732F1802768698300CCE8D4 /* Day14_Polymerization.swift in Sources */,
				373072992766327C00DECDF7 /* Day12_PassagePathing.swift in Sources */,
				37FC44F3275BB73B009AB2E1 /* Day04_GiantSquid.swift in Sources */,
			);
			runOnlyForDeploymentPostprocessing = 0;
		};
/* End PBXSourcesBuildPhase section */

/* Begin XCBuildConfiguration section */
		370A4A902738312D00C003F9 /* Debug */ = {
			isa = XCBuildConfiguration;
			buildSettings = {
				ALWAYS_SEARCH_USER_PATHS = NO;
				CLANG_ANALYZER_NONNULL = YES;
				CLANG_ANALYZER_NUMBER_OBJECT_CONVERSION = YES_AGGRESSIVE;
				CLANG_CXX_LANGUAGE_STANDARD = "gnu++17";
				CLANG_CXX_LIBRARY = "libc++";
				CLANG_ENABLE_MODULES = YES;
				CLANG_ENABLE_OBJC_ARC = YES;
				CLANG_ENABLE_OBJC_WEAK = YES;
				CLANG_WARN_BLOCK_CAPTURE_AUTORELEASING = YES;
				CLANG_WARN_BOOL_CONVERSION = YES;
				CLANG_WARN_COMMA = YES;
				CLANG_WARN_CONSTANT_CONVERSION = YES;
				CLANG_WARN_DEPRECATED_OBJC_IMPLEMENTATIONS = YES;
				CLANG_WARN_DIRECT_OBJC_ISA_USAGE = YES_ERROR;
				CLANG_WARN_DOCUMENTATION_COMMENTS = YES;
				CLANG_WARN_EMPTY_BODY = YES;
				CLANG_WARN_ENUM_CONVERSION = YES;
				CLANG_WARN_INFINITE_RECURSION = YES;
				CLANG_WARN_INT_CONVERSION = YES;
				CLANG_WARN_NON_LITERAL_NULL_CONVERSION = YES;
				CLANG_WARN_OBJC_IMPLICIT_RETAIN_SELF = YES;
				CLANG_WARN_OBJC_LITERAL_CONVERSION = YES;
				CLANG_WARN_OBJC_ROOT_CLASS = YES_ERROR;
				CLANG_WARN_QUOTED_INCLUDE_IN_FRAMEWORK_HEADER = YES;
				CLANG_WARN_RANGE_LOOP_ANALYSIS = YES;
				CLANG_WARN_STRICT_PROTOTYPES = YES;
				CLANG_WARN_SUSPICIOUS_MOVE = YES;
				CLANG_WARN_UNGUARDED_AVAILABILITY = YES_AGGRESSIVE;
				CLANG_WARN_UNREACHABLE_CODE = YES;
				CLANG_WARN__DUPLICATE_METHOD_MATCH = YES;
				COPY_PHASE_STRIP = NO;
				DEBUG_INFORMATION_FORMAT = dwarf;
				ENABLE_STRICT_OBJC_MSGSEND = YES;
				ENABLE_TESTABILITY = YES;
				GCC_C_LANGUAGE_STANDARD = gnu11;
				GCC_DYNAMIC_NO_PIC = NO;
				GCC_NO_COMMON_BLOCKS = YES;
				GCC_OPTIMIZATION_LEVEL = 0;
				GCC_PREPROCESSOR_DEFINITIONS = (
					"DEBUG=1",
					"$(inherited)",
				);
				GCC_WARN_64_TO_32_BIT_CONVERSION = YES;
				GCC_WARN_ABOUT_RETURN_TYPE = YES_ERROR;
				GCC_WARN_UNDECLARED_SELECTOR = YES;
				GCC_WARN_UNINITIALIZED_AUTOS = YES_AGGRESSIVE;
				GCC_WARN_UNUSED_FUNCTION = YES;
				GCC_WARN_UNUSED_VARIABLE = YES;
				MACOSX_DEPLOYMENT_TARGET = 12.0;
				MTL_ENABLE_DEBUG_INFO = INCLUDE_SOURCE;
				MTL_FAST_MATH = YES;
				ONLY_ACTIVE_ARCH = YES;
				SDKROOT = macosx;
				SWIFT_ACTIVE_COMPILATION_CONDITIONS = DEBUG;
				SWIFT_OPTIMIZATION_LEVEL = "-Onone";
			};
			name = Debug;
		};
		370A4A912738312D00C003F9 /* Release */ = {
			isa = XCBuildConfiguration;
			buildSettings = {
				ALWAYS_SEARCH_USER_PATHS = NO;
				CLANG_ANALYZER_NONNULL = YES;
				CLANG_ANALYZER_NUMBER_OBJECT_CONVERSION = YES_AGGRESSIVE;
				CLANG_CXX_LANGUAGE_STANDARD = "gnu++17";
				CLANG_CXX_LIBRARY = "libc++";
				CLANG_ENABLE_MODULES = YES;
				CLANG_ENABLE_OBJC_ARC = YES;
				CLANG_ENABLE_OBJC_WEAK = YES;
				CLANG_WARN_BLOCK_CAPTURE_AUTORELEASING = YES;
				CLANG_WARN_BOOL_CONVERSION = YES;
				CLANG_WARN_COMMA = YES;
				CLANG_WARN_CONSTANT_CONVERSION = YES;
				CLANG_WARN_DEPRECATED_OBJC_IMPLEMENTATIONS = YES;
				CLANG_WARN_DIRECT_OBJC_ISA_USAGE = YES_ERROR;
				CLANG_WARN_DOCUMENTATION_COMMENTS = YES;
				CLANG_WARN_EMPTY_BODY = YES;
				CLANG_WARN_ENUM_CONVERSION = YES;
				CLANG_WARN_INFINITE_RECURSION = YES;
				CLANG_WARN_INT_CONVERSION = YES;
				CLANG_WARN_NON_LITERAL_NULL_CONVERSION = YES;
				CLANG_WARN_OBJC_IMPLICIT_RETAIN_SELF = YES;
				CLANG_WARN_OBJC_LITERAL_CONVERSION = YES;
				CLANG_WARN_OBJC_ROOT_CLASS = YES_ERROR;
				CLANG_WARN_QUOTED_INCLUDE_IN_FRAMEWORK_HEADER = YES;
				CLANG_WARN_RANGE_LOOP_ANALYSIS = YES;
				CLANG_WARN_STRICT_PROTOTYPES = YES;
				CLANG_WARN_SUSPICIOUS_MOVE = YES;
				CLANG_WARN_UNGUARDED_AVAILABILITY = YES_AGGRESSIVE;
				CLANG_WARN_UNREACHABLE_CODE = YES;
				CLANG_WARN__DUPLICATE_METHOD_MATCH = YES;
				COPY_PHASE_STRIP = NO;
				DEBUG_INFORMATION_FORMAT = "dwarf-with-dsym";
				ENABLE_NS_ASSERTIONS = NO;
				ENABLE_STRICT_OBJC_MSGSEND = YES;
				GCC_C_LANGUAGE_STANDARD = gnu11;
				GCC_NO_COMMON_BLOCKS = YES;
				GCC_WARN_64_TO_32_BIT_CONVERSION = YES;
				GCC_WARN_ABOUT_RETURN_TYPE = YES_ERROR;
				GCC_WARN_UNDECLARED_SELECTOR = YES;
				GCC_WARN_UNINITIALIZED_AUTOS = YES_AGGRESSIVE;
				GCC_WARN_UNUSED_FUNCTION = YES;
				GCC_WARN_UNUSED_VARIABLE = YES;
				MACOSX_DEPLOYMENT_TARGET = 12.0;
				MTL_ENABLE_DEBUG_INFO = NO;
				MTL_FAST_MATH = YES;
				SDKROOT = macosx;
				SWIFT_COMPILATION_MODE = wholemodule;
				SWIFT_OPTIMIZATION_LEVEL = "-O";
			};
			name = Release;
		};
		370A4A932738312D00C003F9 /* Debug */ = {
			isa = XCBuildConfiguration;
			buildSettings = {
				CODE_SIGN_STYLE = Automatic;
				DEVELOPMENT_TEAM = TQU5FGEV2A;
				ENABLE_HARDENED_RUNTIME = YES;
				PRODUCT_NAME = "$(TARGET_NAME)";
				SWIFT_VERSION = 5.0;
			};
			name = Debug;
		};
		370A4A942738312D00C003F9 /* Release */ = {
			isa = XCBuildConfiguration;
			buildSettings = {
				CODE_SIGN_STYLE = Automatic;
				DEVELOPMENT_TEAM = TQU5FGEV2A;
				ENABLE_HARDENED_RUNTIME = YES;
				PRODUCT_NAME = "$(TARGET_NAME)";
				SWIFT_VERSION = 5.0;
			};
			name = Release;
		};
/* End XCBuildConfiguration section */

/* Begin XCConfigurationList section */
		370A4A862738312D00C003F9 /* Build configuration list for PBXProject "AdventOfCode2021" */ = {
			isa = XCConfigurationList;
			buildConfigurations = (
				370A4A902738312D00C003F9 /* Debug */,
				370A4A912738312D00C003F9 /* Release */,
			);
			defaultConfigurationIsVisible = 0;
			defaultConfigurationName = Release;
		};
		370A4A922738312D00C003F9 /* Build configuration list for PBXNativeTarget "AdventOfCode2021" */ = {
			isa = XCConfigurationList;
			buildConfigurations = (
				370A4A932738312D00C003F9 /* Debug */,
				370A4A942738312D00C003F9 /* Release */,
			);
			defaultConfigurationIsVisible = 0;
			defaultConfigurationName = Release;
		};
/* End XCConfigurationList section */

/* Begin XCRemoteSwiftPackageReference section */
		374C4C3C274E9CF200B41733 /* XCRemoteSwiftPackageReference "swift-algorithms" */ = {
			isa = XCRemoteSwiftPackageReference;
			repositoryURL = "https://github.com/apple/swift-algorithms.git";
			requirement = {
				kind = upToNextMajorVersion;
				minimumVersion = 1.0.0;
			};
		};
/* End XCRemoteSwiftPackageReference section */

/* Begin XCSwiftPackageProductDependency section */
		374C4C3D274E9CF200B41733 /* Algorithms */ = {
			isa = XCSwiftPackageProductDependency;
			package = 374C4C3C274E9CF200B41733 /* XCRemoteSwiftPackageReference "swift-algorithms" */;
			productName = Algorithms;
		};
/* End XCSwiftPackageProductDependency section */
	};
	rootObject = 370A4A832738312D00C003F9 /* Project object */;
}
